
Microsoft Visual Studio Solution File, Format Version 12.00
# Visual Studio Version 17
VisualStudioVersion = 17.9.34622.214
MinimumVisualStudioVersion = 10.0.40219.1
Project("{888888A0-9F3D-457C-B088-3A5042F75D52}") = "AI模擬2", "AI模擬2.pyproj", "{DB43B9A9-3871-4E65-AF7C-1D2987CD13A2}"
EndProject
Global
	GlobalSection(SolutionConfigurationPlatforms) = preSolution
		Debug|Any CPU = Debug|Any CPU
		Release|Any CPU = Release|Any CPU
	EndGlobalSection
	GlobalSection(ProjectConfigurationPlatforms) = postSolution
		{DB43B9A9-3871-4E65-AF7C-1D2987CD13A2}.Debug|Any CPU.ActiveCfg = Debug|Any CPU
		{DB43B9A9-3871-4E65-AF7C-1D2987CD13A2}.Release|Any CPU.ActiveCfg = Release|Any CPU
	EndGlobalSection
	GlobalSection(SolutionProperties) = preSolution
		HideSolutionNode = FALSE
	EndGlobalSection
	GlobalSection(ExtensibilityGlobals) = postSolution
		SolutionGuid = {DCF5A837-0185-47AA-853E-C0E0DB993CDA}
	EndGlobalSection
EndGlobal
